
Microsoft Visual Studio Solution File, Format Version 12.00
# Visual Studio Version 16
VisualStudioVersion = 16.0.31702.278
MinimumVisualStudioVersion = 10.0.40219.1
Project("{FAE04EC0-301F-11D3-BF4B-00C04F79EFBC}") = "ECOM", "ECOM\ECOM.csproj", "{746CC818-22BE-4AEC-9BD6-B0DE8E645840}"
EndProject
Global
	GlobalSection(SolutionConfigurationPlatforms) = preSolution
		Debug|Any CPU = Debug|Any CPU
		Release|Any CPU = Release|Any CPU
	EndGlobalSection
	GlobalSection(ProjectConfigurationPlatforms) = postSolution
		{746CC818-22BE-4AEC-9BD6-B0DE8E645840}.Debug|Any CPU.ActiveCfg = Debug|Any CPU
		{746CC818-22BE-4AEC-9BD6-B0DE8E645840}.Debug|Any CPU.Build.0 = Debug|Any CPU
		{746CC818-22BE-4AEC-9BD6-B0DE8E645840}.Release|Any CPU.ActiveCfg = Release|Any CPU
		{746CC818-22BE-4AEC-9BD6-B0DE8E645840}.Release|Any CPU.Build.0 = Release|Any CPU
	EndGlobalSection
	GlobalSection(SolutionProperties) = preSolution
		HideSolutionNode = FALSE
	EndGlobalSection
	GlobalSection(ExtensibilityGlobals) = postSolution
		SolutionGuid = {BB550E8C-3426-4F66-A48E-76625A239CC0}
	EndGlobalSection
EndGlobal
